
Microsoft Visual Studio Solution File, Format Version 12.00
# Visual Studio Version 17
VisualStudioVersion = 17.0.31919.166
MinimumVisualStudioVersion = 10.0.40219.1
Project("{FAE04EC0-301F-11D3-BF4B-00C04F79EFBC}") = "ISRPO_TCP", "ISRPO_TCP\ISRPO_TCP.csproj", "{11E11EE3-995B-450D-BD7F-B69E217FE298}"
EndProject
Project("{FAE04EC0-301F-11D3-BF4B-00C04F79EFBC}") = "ISRPO_TCP_S", "ISRPO_TCP_S\ISRPO_TCP_S.csproj", "{691F834D-1F25-4AE0-A28F-506318A908BC}"
EndProject
Global
	GlobalSection(SolutionConfigurationPlatforms) = preSolution
		Debug|Any CPU = Debug|Any CPU
		Release|Any CPU = Release|Any CPU
	EndGlobalSection
	GlobalSection(ProjectConfigurationPlatforms) = postSolution
		{11E11EE3-995B-450D-BD7F-B69E217FE298}.Debug|Any CPU.ActiveCfg = Debug|Any CPU
		{11E11EE3-995B-450D-BD7F-B69E217FE298}.Debug|Any CPU.Build.0 = Debug|Any CPU
		{11E11EE3-995B-450D-BD7F-B69E217FE298}.Release|Any CPU.ActiveCfg = Release|Any CPU
		{11E11EE3-995B-450D-BD7F-B69E217FE298}.Release|Any CPU.Build.0 = Release|Any CPU
		{691F834D-1F25-4AE0-A28F-506318A908BC}.Debug|Any CPU.ActiveCfg = Debug|Any CPU
		{691F834D-1F25-4AE0-A28F-506318A908BC}.Debug|Any CPU.Build.0 = Debug|Any CPU
		{691F834D-1F25-4AE0-A28F-506318A908BC}.Release|Any CPU.ActiveCfg = Release|Any CPU
		{691F834D-1F25-4AE0-A28F-506318A908BC}.Release|Any CPU.Build.0 = Release|Any CPU
	EndGlobalSection
	GlobalSection(SolutionProperties) = preSolution
		HideSolutionNode = FALSE
	EndGlobalSection
	GlobalSection(ExtensibilityGlobals) = postSolution
		SolutionGuid = {31DBC641-50EB-4548-9303-5411EAD4DFA0}
	EndGlobalSection
EndGlobal
